// !$*UTF8*$!
{
	archiveVersion = 1;
	classes = {
	};
	objectVersion = 50;
	objects = {

/* Begin PBXBuildFile section */
		4AAC0D6921A6C2D500C8DE85 /* AppDelegate.swift in Sources */ = {isa = PBXBuildFile; fileRef = 4AAC0D6821A6C2D500C8DE85 /* AppDelegate.swift */; };
		4AAC0D6B21A6C2D500C8DE85 /* ViewController.swift in Sources */ = {isa = PBXBuildFile; fileRef = 4AAC0D6A21A6C2D500C8DE85 /* ViewController.swift */; };
		4AAC0D6E21A6C2D500C8DE85 /* Main.storyboard in Resources */ = {isa = PBXBuildFile; fileRef = 4AAC0D6C21A6C2D500C8DE85 /* Main.storyboard */; };
		4AAC0D7021A6C2D700C8DE85 /* Assets.xcassets in Resources */ = {isa = PBXBuildFile; fileRef = 4AAC0D6F21A6C2D700C8DE85 /* Assets.xcassets */; };
		4AAC0D7321A6C2D700C8DE85 /* LaunchScreen.storyboard in Resources */ = {isa = PBXBuildFile; fileRef = 4AAC0D7121A6C2D700C8DE85 /* LaunchScreen.storyboard */; };
/* End PBXBuildFile section */

/* Begin PBXFileReference section */
		4AAC0D6521A6C2D500C8DE85 /* taskApp.app */ = {isa = PBXFileReference; explicitFileType = wrapper.application; includeInIndex = 0; path = taskApp.app; sourceTree = BUILT_PRODUCTS_DIR; };
		4AAC0D6821A6C2D500C8DE85 /* AppDelegate.swift */ = {isa = PBXFileReference; lastKnownFileType = sourcecode.swift; path = AppDelegate.swift; sourceTree = "<group>"; };
		4AAC0D6A21A6C2D500C8DE85 /* ViewController.swift */ = {isa = PBXFileReference; lastKnownFileType = sourcecode.swift; path = ViewController.swift; sourceTree = "<group>"; };
		4AAC0D6D21A6C2D500C8DE85 /* Base */ = {isa = PBXFileReference; lastKnownFileType = file.storyboard; name = Base; path = Base.lproj/Main.storyboard; sourceTree = "<group>"; };
		4AAC0D6F21A6C2D700C8DE85 /* Assets.xcassets */ = {isa = PBXFileReference; lastKnownFileType = folder.assetcatalog; path = Assets.xcassets; sourceTree = "<group>"; };
		4AAC0D7221A6C2D700C8DE85 /* Base */ = {isa = PBXFileReference; lastKnownFileType = file.storyboard; name = Base; path = Base.lproj/LaunchScreen.storyboard; sourceTree = "<group>"; };
		4AAC0D7421A6C2D700C8DE85 /* Info.plist */ = {isa = PBXFileReference; lastKnownFileType = text.plist.xml; path = Info.plist; sourceTree = "<group>"; };
/* End PBXFileReference section */

/* Begin PBXFrameworksBuildPhase section */
		4AAC0D6221A6C2D500C8DE85 /* Frameworks */ = {
			isa = PBXFrameworksBuildPhase;
			buildActionMask = 2147483647;
			files = (
			);
			runOnlyForDeploymentPostprocessing = 0;
		};
/* End PBXFrameworksBuildPhase section */

/* Begin PBXGroup section */
		4AAC0D5C21A6C2D500C8DE85 = {
			isa = PBXGroup;
			children = (
				4AAC0D6721A6C2D500C8DE85 /* taskApp */,
				4AAC0D6621A6C2D500C8DE85 /* Products */,
			);
			sourceTree = "<group>";
		};
		4AAC0D6621A6C2D500C8DE85 /* Products */ = {
			isa = PBXGroup;
			children = (
				4AAC0D6521A6C2D500C8DE85 /* taskApp.app */,
			);
			name = Products;
			sourceTree = "<group>";
		};
		4AAC0D6721A6C2D500C8DE85 /* taskApp */ = {
			isa = PBXGroup;
			children = (
				4AAC0D6821A6C2D500C8DE85 /* AppDelegate.swift */,
				4AAC0D6A21A6C2D500C8DE85 /* ViewController.swift */,
				4AAC0D6C21A6C2D500C8DE85 /* Main.storyboard */,
				4AAC0D6F21A6C2D700C8DE85 /* Assets.xcassets */,
				4AAC0D7121A6C2D700C8DE85 /* LaunchScreen.storyboard */,
				4AAC0D7421A6C2D700C8DE85 /* Info.plist */,
			);
			path = taskApp;
			sourceTree = "<group>";
		};
/* End PBXGroup section */

/* Begin PBXNativeTarget section */
		4AAC0D6421A6C2D500C8DE85 /* taskApp */ = {
			isa = PBXNativeTarget;
			buildConfigurationList = 4AAC0D7721A6C2D700C8DE85 /* Build configuration list for PBXNativeTarget "taskApp" */;
			buildPhases = (
				4AAC0D6121A6C2D500C8DE85 /* Sources */,
				4AAC0D6221A6C2D500C8DE85 /* Frameworks */,
				4AAC0D6321A6C2D500C8DE85 /* Resources */,
			);
			buildRules = (
			);
			dependencies = (
			);
			name = taskApp;
			productName = taskApp;
			productReference = 4AAC0D6521A6C2D500C8DE85 /* taskApp.app */;
			productType = "com.apple.product-type.application";
		};
/* End PBXNativeTarget section */

/* Begin PBXProject section */
		4AAC0D5D21A6C2D500C8DE85 /* Project object */ = {
			isa = PBXProject;
			attributes = {
				LastSwiftUpdateCheck = 0940;
				LastUpgradeCheck = 0940;
				ORGANIZATIONNAME = "jin,ishimaru";
				TargetAttributes = {
					4AAC0D6421A6C2D500C8DE85 = {
						CreatedOnToolsVersion = 9.4.1;
					};
				};
			};
			buildConfigurationList = 4AAC0D6021A6C2D500C8DE85 /* Build configuration list for PBXProject "taskApp" */;
			compatibilityVersion = "Xcode 9.3";
			developmentRegion = en;
			hasScannedForEncodings = 0;
			knownRegions = (
				en,
				Base,
			);
			mainGroup = 4AAC0D5C21A6C2D500C8DE85;
			productRefGroup = 4AAC0D6621A6C2D500C8DE85 /* Products */;
			projectDirPath = "";
			projectRoot = "";
			targets = (
				4AAC0D6421A6C2D500C8DE85 /* taskApp */,
			);
		};
/* End PBXProject section */

/* Begin PBXResourcesBuildPhase section */
		4AAC0D6321A6C2D500C8DE85 /* Resources */ = {
			isa = PBXResourcesBuildPhase;
			buildActionMask = 2147483647;
			files = (
				4AAC0D7321A6C2D700C8DE85 /* LaunchScreen.storyboard in Resources */,
				4AAC0D7021A6C2D700C8DE85 /* Assets.xcassets in Resources */,
				4AAC0D6E21A6C2D500C8DE85 /* Main.storyboard in Resources */,
			);
			runOnlyForDeploymentPostprocessing = 0;
		};
/* End PBXResourcesBuildPhase section */

/* Begin PBXSourcesBuildPhase section */
		4AAC0D6121A6C2D500C8DE85 /* Sources */ = {
			isa = PBXSourcesBuildPhase;
			buildActionMask = 2147483647;
			files = (
				4AAC0D6B21A6C2D500C8DE85 /* ViewController.swift in Sources */,
				4AAC0D6921A6C2D500C8DE85 /* AppDelegate.swift in Sources */,
			);
			runOnlyForDeploymentPostprocessing = 0;
		};
/* End PBXSourcesBuildPhase section */

/* Begin PBXVariantGroup section */
		4AAC0D6C21A6C2D500C8DE85 /* Main.storyboard */ = {
			isa = PBXVariantGroup;
			children = (
				4AAC0D6D21A6C2D500C8DE85 /* Base */,
			);
			name = Main.storyboard;
			sourceTree = "<group>";
		};
		4AAC0D7121A6C2D700C8DE85 /* LaunchScreen.storyboard */ = {
			isa = PBXVariantGroup;
			children = (
				4AAC0D7221A6C2D700C8DE85 /* Base */,
			);
			name = LaunchScreen.storyboard;
			sourceTree = "<group>";
		};
/* End PBXVariantGroup section */

/* Begin XCBuildConfiguration section */
		4AAC0D7521A6C2D700C8DE85 /* Debug */ = {
			isa = XCBuildConfiguration;
			buildSettings = {
				ALWAYS_SEARCH_USER_PATHS = NO;
				CLANG_ANALYZER_NONNULL = YES;
				CLANG_ANALYZER_NUMBER_OBJECT_CONVERSION = YES_AGGRESSIVE;
				CLANG_CXX_LANGUAGE_STANDARD = "gnu++14";
				CLANG_CXX_LIBRARY = "libc++";
				CLANG_ENABLE_MODULES = YES;
				CLANG_ENABLE_OBJC_ARC = YES;
				CLANG_ENABLE_OBJC_WEAK = YES;
				CLANG_WARN_BLOCK_CAPTURE_AUTORELEASING = YES;
				CLANG_WARN_BOOL_CONVERSION = YES;
				CLANG_WARN_COMMA = YES;
				CLANG_WARN_CONSTANT_CONVERSION = YES;
				CLANG_WARN_DEPRECATED_OBJC_IMPLEMENTATIONS = YES;
				CLANG_WARN_DIRECT_OBJC_ISA_USAGE = YES_ERROR;
				CLANG_WARN_DOCUMENTATION_COMMENTS = YES;
				CLANG_WARN_EMPTY_BODY = YES;
				CLANG_WARN_ENUM_CONVERSION = YES;
				CLANG_WARN_INFINITE_RECURSION = YES;
				CLANG_WARN_INT_CONVERSION = YES;
				CLANG_WARN_NON_LITERAL_NULL_CONVERSION = YES;
				CLANG_WARN_OBJC_IMPLICIT_RETAIN_SELF = YES;
				CLANG_WARN_OBJC_LITERAL_CONVERSION = YES;
				CLANG_WARN_OBJC_ROOT_CLASS = YES_ERROR;
				CLANG_WARN_RANGE_LOOP_ANALYSIS = YES;
				CLANG_WARN_STRICT_PROTOTYPES = YES;
				CLANG_WARN_SUSPICIOUS_MOVE = YES;
				CLANG_WARN_UNGUARDED_AVAILABILITY = YES_AGGRESSIVE;
				CLANG_WARN_UNREACHABLE_CODE = YES;
				CLANG_WARN__DUPLICATE_METHOD_MATCH = YES;
				CODE_SIGN_IDENTITY = "iPhone Developer";
				COPY_PHASE_STRIP = NO;
				DEBUG_INFORMATION_FORMAT = dwarf;
				ENABLE_STRICT_OBJC_MSGSEND = YES;
				ENABLE_TESTABILITY = YES;
				GCC_C_LANGUAGE_STANDARD = gnu11;
				GCC_DYNAMIC_NO_PIC = NO;
				GCC_NO_COMMON_BLOCKS = YES;
				GCC_OPTIMIZATION_LEVEL = 0;
				GCC_PREPROCESSOR_DEFINITIONS = (
					"DEBUG=1",
					"$(inherited)",
				);
				GCC_WARN_64_TO_32_BIT_CONVERSION = YES;
				GCC_WARN_ABOUT_RETURN_TYPE = YES_ERROR;
				GCC_WARN_UNDECLARED_SELECTOR = YES;
				GCC_WARN_UNINITIALIZED_AUTOS = YES_AGGRESSIVE;
				GCC_WARN_UNUSED_FUNCTION = YES;
				GCC_WARN_UNUSED_VARIABLE = YES;
				IPHONEOS_DEPLOYMENT_TARGET = 11.4;
				MTL_ENABLE_DEBUG_INFO = YES;
				ONLY_ACTIVE_ARCH = YES;
				SDKROOT = iphoneos;
				SWIFT_ACTIVE_COMPILATION_CONDITIONS = DEBUG;
				SWIFT_OPTIMIZATION_LEVEL = "-Onone";
			};
			name = Debug;
		};
		4AAC0D7621A6C2D700C8DE85 /* Release */ = {
			isa = XCBuildConfiguration;
			buildSettings = {
				ALWAYS_SEARCH_USER_PATHS = NO;
				CLANG_ANALYZER_NONNULL = YES;
				CLANG_ANALYZER_NUMBER_OBJECT_CONVERSION = YES_AGGRESSIVE;
				CLANG_CXX_LANGUAGE_STANDARD = "gnu++14";
				CLANG_CXX_LIBRARY = "libc++";
				CLANG_ENABLE_MODULES = YES;
				CLANG_ENABLE_OBJC_ARC = YES;
				CLANG_ENABLE_OBJC_WEAK = YES;
				CLANG_WARN_BLOCK_CAPTURE_AUTORELEASING = YES;
				CLANG_WARN_BOOL_CONVERSION = YES;
				CLANG_WARN_COMMA = YES;
				CLANG_WARN_CONSTANT_CONVERSION = YES;
				CLANG_WARN_DEPRECATED_OBJC_IMPLEMENTATIONS = YES;
				CLANG_WARN_DIRECT_OBJC_ISA_USAGE = YES_ERROR;
				CLANG_WARN_DOCUMENTATION_COMMENTS = YES;
				CLANG_WARN_EMPTY_BODY = YES;
				CLANG_WARN_ENUM_CONVERSION = YES;
				CLANG_WARN_INFINITE_RECURSION = YES;
				CLANG_WARN_INT_CONVERSION = YES;
				CLANG_WARN_NON_LITERAL_NULL_CONVERSION = YES;
				CLANG_WARN_OBJC_IMPLICIT_RETAIN_SELF = YES;
				CLANG_WARN_OBJC_LITERAL_CONVERSION = YES;
				CLANG_WARN_OBJC_ROOT_CLASS = YES_ERROR;
				CLANG_WARN_RANGE_LOOP_ANALYSIS = YES;
				CLANG_WARN_STRICT_PROTOTYPES = YES;
				CLANG_WARN_SUSPICIOUS_MOVE = YES;
				CLANG_WARN_UNGUARDED_AVAILABILITY = YES_AGGRESSIVE;
				CLANG_WARN_UNREACHABLE_CODE = YES;
				CLANG_WARN__DUPLICATE_METHOD_MATCH = YES;
				CODE_SIGN_IDENTITY = "iPhone Developer";
				COPY_PHASE_STRIP = NO;
				DEBUG_INFORMATION_FORMAT = "dwarf-with-dsym";
				ENABLE_NS_ASSERTIONS = NO;
				ENABLE_STRICT_OBJC_MSGSEND = YES;
				GCC_C_LANGUAGE_STANDARD = gnu11;
				GCC_NO_COMMON_BLOCKS = YES;
				GCC_WARN_64_TO_32_BIT_CONVERSION = YES;
				GCC_WARN_ABOUT_RETURN_TYPE = YES_ERROR;
				GCC_WARN_UNDECLARED_SELECTOR = YES;
				GCC_WARN_UNINITIALIZED_AUTOS = YES_AGGRESSIVE;
				GCC_WARN_UNUSED_FUNCTION = YES;
				GCC_WARN_UNUSED_VARIABLE = YES;
				IPHONEOS_DEPLOYMENT_TARGET = 11.4;
				MTL_ENABLE_DEBUG_INFO = NO;
				SDKROOT = iphoneos;
				SWIFT_COMPILATION_MODE = wholemodule;
				SWIFT_OPTIMIZATION_LEVEL = "-O";
				VALIDATE_PRODUCT = YES;
			};
			name = Release;
		};
		4AAC0D7821A6C2D700C8DE85 /* Debug */ = {
			isa = XCBuildConfiguration;
			buildSettings = {
				ASSETCATALOG_COMPILER_APPICON_NAME = AppIcon;
				CODE_SIGN_STYLE = Automatic;
				INFOPLIST_FILE = taskApp/Info.plist;
				LD_RUNPATH_SEARCH_PATHS = (
					"$(inherited)",
					"@executable_path/Frameworks",
				);
				PRODUCT_BUNDLE_IDENTIFIER = "com.swift-test.taskApp";
				PRODUCT_NAME = "$(TARGET_NAME)";
				SWIFT_VERSION = 4.0;
				TARGETED_DEVICE_FAMILY = "1,2";
			};
			name = Debug;
		};
		4AAC0D7921A6C2D700C8DE85 /* Release */ = {
			isa = XCBuildConfiguration;
			buildSettings = {
				ASSETCATALOG_COMPILER_APPICON_NAME = AppIcon;
				CODE_SIGN_STYLE = Automatic;
				INFOPLIST_FILE = taskApp/Info.plist;
				LD_RUNPATH_SEARCH_PATHS = (
					"$(inherited)",
					"@executable_path/Frameworks",
				);
				PRODUCT_BUNDLE_IDENTIFIER = "com.swift-test.taskApp";
				PRODUCT_NAME = "$(TARGET_NAME)";
				SWIFT_VERSION = 4.0;
				TARGETED_DEVICE_FAMILY = "1,2";
			};
			name = Release;
		};
/* End XCBuildConfiguration section */

/* Begin XCConfigurationList section */
		4AAC0D6021A6C2D500C8DE85 /* Build configuration list for PBXProject "taskApp" */ = {
			isa = XCConfigurationList;
			buildConfigurations = (
				4AAC0D7521A6C2D700C8DE85 /* Debug */,
				4AAC0D7621A6C2D700C8DE85 /* Release */,
			);
			defaultConfigurationIsVisible = 0;
			defaultConfigurationName = Release;
		};
		4AAC0D7721A6C2D700C8DE85 /* Build configuration list for PBXNativeTarget "taskApp" */ = {
			isa = XCConfigurationList;
			buildConfigurations = (
				4AAC0D7821A6C2D700C8DE85 /* Debug */,
				4AAC0D7921A6C2D700C8DE85 /* Release */,
			);
			defaultConfigurationIsVisible = 0;
			defaultConfigurationName = Release;
		};
/* End XCConfigurationList section */
	};
	rootObject = 4AAC0D5D21A6C2D500C8DE85 /* Project object */;
}
